
Microsoft Visual Studio Solution File, Format Version 12.00
# Visual Studio Version 17
VisualStudioVersion = 17.5.33530.505
MinimumVisualStudioVersion = 10.0.40219.1
Project("{9A19103F-16F7-4668-BE54-9A1E7A4F7556}") = "NullObject01_Magazine", "NullObject_01\NullObject01_Magazine.csproj", "{07FFF4F4-E9A4-468B-B238-E9D0138D01B6}"
EndProject
Project("{9A19103F-16F7-4668-BE54-9A1E7A4F7556}") = "NullObject02_Wallet", "NullObject_02\NullObject02_Wallet.csproj", "{155DE171-D949-4770-A9BE-4207A808C8DA}"
EndProject
Global
	GlobalSection(SolutionConfigurationPlatforms) = preSolution
		Debug|Any CPU = Debug|Any CPU
		Release|Any CPU = Release|Any CPU
	EndGlobalSection
	GlobalSection(ProjectConfigurationPlatforms) = postSolution
		{07FFF4F4-E9A4-468B-B238-E9D0138D01B6}.Debug|Any CPU.ActiveCfg = Debug|Any CPU
		{07FFF4F4-E9A4-468B-B238-E9D0138D01B6}.Debug|Any CPU.Build.0 = Debug|Any CPU
		{07FFF4F4-E9A4-468B-B238-E9D0138D01B6}.Release|Any CPU.ActiveCfg = Release|Any CPU
		{07FFF4F4-E9A4-468B-B238-E9D0138D01B6}.Release|Any CPU.Build.0 = Release|Any CPU
		{155DE171-D949-4770-A9BE-4207A808C8DA}.Debug|Any CPU.ActiveCfg = Debug|Any CPU
		{155DE171-D949-4770-A9BE-4207A808C8DA}.Debug|Any CPU.Build.0 = Debug|Any CPU
		{155DE171-D949-4770-A9BE-4207A808C8DA}.Release|Any CPU.ActiveCfg = Release|Any CPU
		{155DE171-D949-4770-A9BE-4207A808C8DA}.Release|Any CPU.Build.0 = Release|Any CPU
	EndGlobalSection
	GlobalSection(SolutionProperties) = preSolution
		HideSolutionNode = FALSE
	EndGlobalSection
	GlobalSection(ExtensibilityGlobals) = postSolution
		SolutionGuid = {90972D4F-D77D-45C8-B169-036E08602E27}
	EndGlobalSection
EndGlobal
