
Microsoft Visual Studio Solution File, Format Version 12.00
# Visual Studio Version 17
VisualStudioVersion = 17.5.33530.505
MinimumVisualStudioVersion = 10.0.40219.1
Project("{9A19103F-16F7-4668-BE54-9A1E7A4F7556}") = "NullObject01_Magazine", "NullObject_01_Magazine\NullObject01_Magazine.csproj", "{4D88876E-1763-4024-942E-601AD6B46F03}"
EndProject
Project("{9A19103F-16F7-4668-BE54-9A1E7A4F7556}") = "NullObject02_Wallet", "NullObject_02_Wallet\NullObject02_Wallet.csproj", "{05562AD5-D6DB-4E0C-BEBC-DAA6DF1D4756}"
EndProject
Global
	GlobalSection(SolutionConfigurationPlatforms) = preSolution
		Debug|Any CPU = Debug|Any CPU
		Release|Any CPU = Release|Any CPU
	EndGlobalSection
	GlobalSection(ProjectConfigurationPlatforms) = postSolution
		{4D88876E-1763-4024-942E-601AD6B46F03}.Debug|Any CPU.ActiveCfg = Debug|Any CPU
		{4D88876E-1763-4024-942E-601AD6B46F03}.Debug|Any CPU.Build.0 = Debug|Any CPU
		{4D88876E-1763-4024-942E-601AD6B46F03}.Release|Any CPU.ActiveCfg = Release|Any CPU
		{4D88876E-1763-4024-942E-601AD6B46F03}.Release|Any CPU.Build.0 = Release|Any CPU
		{05562AD5-D6DB-4E0C-BEBC-DAA6DF1D4756}.Debug|Any CPU.ActiveCfg = Debug|Any CPU
		{05562AD5-D6DB-4E0C-BEBC-DAA6DF1D4756}.Debug|Any CPU.Build.0 = Debug|Any CPU
		{05562AD5-D6DB-4E0C-BEBC-DAA6DF1D4756}.Release|Any CPU.ActiveCfg = Release|Any CPU
		{05562AD5-D6DB-4E0C-BEBC-DAA6DF1D4756}.Release|Any CPU.Build.0 = Release|Any CPU
	EndGlobalSection
	GlobalSection(SolutionProperties) = preSolution
		HideSolutionNode = FALSE
	EndGlobalSection
	GlobalSection(ExtensibilityGlobals) = postSolution
		SolutionGuid = {90972D4F-D77D-45C8-B169-036E08602E27}
	EndGlobalSection
EndGlobal
